
Microsoft Visual Studio Solution File, Format Version 12.00
# Visual Studio Version 17
VisualStudioVersion = 17.10.35013.160
MinimumVisualStudioVersion = 10.0.40219.1
Project("{9A19103F-16F7-4668-BE54-9A1E7A4F7556}") = "PRAKTIKUM04", "PRAKTIKUM04\PRAKTIKUM04.csproj", "{0494CE1A-DB01-49AC-A7A1-8B24C7E13B85}"
EndProject
Project("{FAE04EC0-301F-11D3-BF4B-00C04F79EFBC}") = "TUGAS1PRAKTIKUM", "TUGAS1PRAKTIKUM\TUGAS1PRAKTIKUM.csproj", "{BF7D1F6D-9F4C-46E6-801D-C2F4B659D455}"
EndProject
Global
	GlobalSection(SolutionConfigurationPlatforms) = preSolution
		Debug|Any CPU = Debug|Any CPU
		Release|Any CPU = Release|Any CPU
	EndGlobalSection
	GlobalSection(ProjectConfigurationPlatforms) = postSolution
		{0494CE1A-DB01-49AC-A7A1-8B24C7E13B85}.Debug|Any CPU.ActiveCfg = Debug|Any CPU
		{0494CE1A-DB01-49AC-A7A1-8B24C7E13B85}.Debug|Any CPU.Build.0 = Debug|Any CPU
		{0494CE1A-DB01-49AC-A7A1-8B24C7E13B85}.Release|Any CPU.ActiveCfg = Release|Any CPU
		{0494CE1A-DB01-49AC-A7A1-8B24C7E13B85}.Release|Any CPU.Build.0 = Release|Any CPU
		{BF7D1F6D-9F4C-46E6-801D-C2F4B659D455}.Debug|Any CPU.ActiveCfg = Debug|Any CPU
		{BF7D1F6D-9F4C-46E6-801D-C2F4B659D455}.Debug|Any CPU.Build.0 = Debug|Any CPU
		{BF7D1F6D-9F4C-46E6-801D-C2F4B659D455}.Release|Any CPU.ActiveCfg = Release|Any CPU
		{BF7D1F6D-9F4C-46E6-801D-C2F4B659D455}.Release|Any CPU.Build.0 = Release|Any CPU
	EndGlobalSection
	GlobalSection(SolutionProperties) = preSolution
		HideSolutionNode = FALSE
	EndGlobalSection
	GlobalSection(ExtensibilityGlobals) = postSolution
		SolutionGuid = {5AE3A435-92F6-4244-8A71-C63C1A86668F}
	EndGlobalSection
EndGlobal
